# This file is automatically @generated by Cargo.
# It is not intended for manual editing.
version = 3

[[package]]
name = "array-init"
version = "2.1.0"
source = "registry+https://github.com/rust-lang/crates.io-index"
checksum = "3d62b7694a562cdf5a74227903507c56ab2cc8bdd1f781ed5cb4cf9c9f810bfc"

[[package]]
name = "bit-set"
version = "0.8.0"
source = "registry+https://github.com/rust-lang/crates.io-index"
checksum = "08807e080ed7f9d5433fa9b275196cfc35414f66a0c79d864dc51a0d825231a3"
dependencies = [
 "bit-vec",
]

[[package]]
name = "bit-vec"
version = "0.8.0"
source = "registry+https://github.com/rust-lang/crates.io-index"
checksum = "5e764a1d40d510daf35e07be9eb06e75770908c27d411ee6c92109c9840eaaf7"

[[package]]
name = "glam"
version = "0.29.0"
source = "registry+https://github.com/rust-lang/crates.io-index"
checksum = "c28091a37a5d09b555cb6628fd954da299b536433834f5b8e59eba78e0cbbf8a"

[[package]]
name = "queue"
version = "0.3.1"
source = "registry+https://github.com/rust-lang/crates.io-index"
checksum = "6ff7e7fd62294a081720771513c1c1c995468a5d4e771a2928e423b88682ce48"

[[package]]
name = "singleton_ecs"
version = "0.1.0"
dependencies = [
 "array-init",
 "bit-set",
 "glam",
 "queue",
]
